
Microsoft Visual Studio Solution File, Format Version 12.00
# Visual Studio 15
VisualStudioVersion = 15.0.28307.421
MinimumVisualStudioVersion = 10.0.40219.1
Project("{FAE04EC0-301F-11D3-BF4B-00C04F79EFBC}") = "FakultetZadatak", "FakultetZadatak\FakultetZadatak.csproj", "{411DD9B4-B28F-452D-9005-A7AD730F2C42}"
EndProject
Global
	GlobalSection(SolutionConfigurationPlatforms) = preSolution
		Debug|Any CPU = Debug|Any CPU
		Release|Any CPU = Release|Any CPU
	EndGlobalSection
	GlobalSection(ProjectConfigurationPlatforms) = postSolution
		{411DD9B4-B28F-452D-9005-A7AD730F2C42}.Debug|Any CPU.ActiveCfg = Debug|Any CPU
		{411DD9B4-B28F-452D-9005-A7AD730F2C42}.Debug|Any CPU.Build.0 = Debug|Any CPU
		{411DD9B4-B28F-452D-9005-A7AD730F2C42}.Release|Any CPU.ActiveCfg = Release|Any CPU
		{411DD9B4-B28F-452D-9005-A7AD730F2C42}.Release|Any CPU.Build.0 = Release|Any CPU
	EndGlobalSection
	GlobalSection(SolutionProperties) = preSolution
		HideSolutionNode = FALSE
	EndGlobalSection
	GlobalSection(ExtensibilityGlobals) = postSolution
		SolutionGuid = {4B1D9B73-DAF8-4917-A2EA-AB9AADD73E70}
	EndGlobalSection
EndGlobal
